// !$*UTF8*$!
{
	archiveVersion = 1;
	classes = {
	};
	objectVersion = 50;
	objects = {

/* Begin PBXBuildFile section */
		2793AEF42236EB5500A48F1B /* AppDelegate.swift in Sources */ = {isa = PBXBuildFile; fileRef = 2793AEF32236EB5500A48F1B /* AppDelegate.swift */; };
		2793AEF62236EB5500A48F1B /* ViewController.swift in Sources */ = {isa = PBXBuildFile; fileRef = 2793AEF52236EB5500A48F1B /* ViewController.swift */; };
		2793AEF92236EB5500A48F1B /* Main.storyboard in Resources */ = {isa = PBXBuildFile; fileRef = 2793AEF72236EB5500A48F1B /* Main.storyboard */; };
		2793AEFB2236EB5500A48F1B /* Assets.xcassets in Resources */ = {isa = PBXBuildFile; fileRef = 2793AEFA2236EB5500A48F1B /* Assets.xcassets */; };
		2793AEFE2236EB5500A48F1B /* LaunchScreen.storyboard in Resources */ = {isa = PBXBuildFile; fileRef = 2793AEFC2236EB5500A48F1B /* LaunchScreen.storyboard */; };
		2793AF0B2236EC0E00A48F1B /* Ruutu.swift in Sources */ = {isa = PBXBuildFile; fileRef = 2793AF0A2236EC0E00A48F1B /* Ruutu.swift */; };
		2793AF0D2236ECDA00A48F1B /* Peli.swift in Sources */ = {isa = PBXBuildFile; fileRef = 2793AF0C2236ECDA00A48F1B /* Peli.swift */; };
		2793AF0F2236F4E800A48F1B /* Default-568h@2x.png in Resources */ = {isa = PBXBuildFile; fileRef = 2793AF0E2236F4E800A48F1B /* Default-568h@2x.png */; };
/* End PBXBuildFile section */

/* Begin PBXFileReference section */
		2793AEF02236EB5500A48F1B /* Ristinolla.app */ = {isa = PBXFileReference; explicitFileType = wrapper.application; includeInIndex = 0; path = Ristinolla.app; sourceTree = BUILT_PRODUCTS_DIR; };
		2793AEF32236EB5500A48F1B /* AppDelegate.swift */ = {isa = PBXFileReference; lastKnownFileType = sourcecode.swift; path = AppDelegate.swift; sourceTree = "<group>"; };
		2793AEF52236EB5500A48F1B /* ViewController.swift */ = {isa = PBXFileReference; lastKnownFileType = sourcecode.swift; path = ViewController.swift; sourceTree = "<group>"; };
		2793AEF82236EB5500A48F1B /* Base */ = {isa = PBXFileReference; lastKnownFileType = file.storyboard; name = Base; path = Base.lproj/Main.storyboard; sourceTree = "<group>"; };
		2793AEFA2236EB5500A48F1B /* Assets.xcassets */ = {isa = PBXFileReference; lastKnownFileType = folder.assetcatalog; path = Assets.xcassets; sourceTree = "<group>"; };
		2793AEFD2236EB5500A48F1B /* Base */ = {isa = PBXFileReference; lastKnownFileType = file.storyboard; name = Base; path = Base.lproj/LaunchScreen.storyboard; sourceTree = "<group>"; };
		2793AEFF2236EB5500A48F1B /* Info.plist */ = {isa = PBXFileReference; lastKnownFileType = text.plist.xml; path = Info.plist; sourceTree = "<group>"; };
		2793AF0A2236EC0E00A48F1B /* Ruutu.swift */ = {isa = PBXFileReference; lastKnownFileType = sourcecode.swift; path = Ruutu.swift; sourceTree = "<group>"; };
		2793AF0C2236ECDA00A48F1B /* Peli.swift */ = {isa = PBXFileReference; lastKnownFileType = sourcecode.swift; path = Peli.swift; sourceTree = "<group>"; };
		2793AF0E2236F4E800A48F1B /* Default-568h@2x.png */ = {isa = PBXFileReference; lastKnownFileType = image.png; path = "Default-568h@2x.png"; sourceTree = "<group>"; };
/* End PBXFileReference section */

/* Begin PBXFrameworksBuildPhase section */
		2793AEED2236EB5500A48F1B /* Frameworks */ = {
			isa = PBXFrameworksBuildPhase;
			buildActionMask = 2147483647;
			files = (
			);
			runOnlyForDeploymentPostprocessing = 0;
		};
/* End PBXFrameworksBuildPhase section */

/* Begin PBXGroup section */
		2793AEE72236EB5400A48F1B = {
			isa = PBXGroup;
			children = (
				2793AF0E2236F4E800A48F1B /* Default-568h@2x.png */,
				2793AEF22236EB5500A48F1B /* Ristinolla */,
				2793AEF12236EB5500A48F1B /* Products */,
			);
			sourceTree = "<group>";
		};
		2793AEF12236EB5500A48F1B /* Products */ = {
			isa = PBXGroup;
			children = (
				2793AEF02236EB5500A48F1B /* Ristinolla.app */,
			);
			name = Products;
			sourceTree = "<group>";
		};
		2793AEF22236EB5500A48F1B /* Ristinolla */ = {
			isa = PBXGroup;
			children = (
				2793AEFF2236EB5500A48F1B /* Info.plist */,
				2793AEFC2236EB5500A48F1B /* LaunchScreen.storyboard */,
				2793AF092236EBBE00A48F1B /* Resources */,
				2793AF072236EBA100A48F1B /* Controller */,
				2793AF062236EB9B00A48F1B /* View */,
				2793AF052236EB8C00A48F1B /* Model */,
			);
			path = Ristinolla;
			sourceTree = "<group>";
		};
		2793AF052236EB8C00A48F1B /* Model */ = {
			isa = PBXGroup;
			children = (
				2793AF0A2236EC0E00A48F1B /* Ruutu.swift */,
				2793AF0C2236ECDA00A48F1B /* Peli.swift */,
			);
			path = Model;
			sourceTree = "<group>";
		};
		2793AF062236EB9B00A48F1B /* View */ = {
			isa = PBXGroup;
			children = (
				2793AEF72236EB5500A48F1B /* Main.storyboard */,
			);
			path = View;
			sourceTree = "<group>";
		};
		2793AF072236EBA100A48F1B /* Controller */ = {
			isa = PBXGroup;
			children = (
				2793AEF52236EB5500A48F1B /* ViewController.swift */,
			);
			path = Controller;
			sourceTree = "<group>";
		};
		2793AF092236EBBE00A48F1B /* Resources */ = {
			isa = PBXGroup;
			children = (
				2793AEFA2236EB5500A48F1B /* Assets.xcassets */,
				2793AEF32236EB5500A48F1B /* AppDelegate.swift */,
			);
			path = Resources;
			sourceTree = "<group>";
		};
/* End PBXGroup section */

/* Begin PBXNativeTarget section */
		2793AEEF2236EB5500A48F1B /* Ristinolla */ = {
			isa = PBXNativeTarget;
			buildConfigurationList = 2793AF022236EB5500A48F1B /* Build configuration list for PBXNativeTarget "Ristinolla" */;
			buildPhases = (
				2793AEEC2236EB5500A48F1B /* Sources */,
				2793AEED2236EB5500A48F1B /* Frameworks */,
				2793AEEE2236EB5500A48F1B /* Resources */,
			);
			buildRules = (
			);
			dependencies = (
			);
			name = Ristinolla;
			productName = Ristinolla;
			productReference = 2793AEF02236EB5500A48F1B /* Ristinolla.app */;
			productType = "com.apple.product-type.application";
		};
/* End PBXNativeTarget section */

/* Begin PBXProject section */
		2793AEE82236EB5400A48F1B /* Project object */ = {
			isa = PBXProject;
			attributes = {
				LastSwiftUpdateCheck = 1010;
				LastUpgradeCheck = 1010;
				ORGANIZATIONNAME = "Joonas Junttila";
				TargetAttributes = {
					2793AEEF2236EB5500A48F1B = {
						CreatedOnToolsVersion = 10.1;
					};
				};
			};
			buildConfigurationList = 2793AEEB2236EB5400A48F1B /* Build configuration list for PBXProject "Ristinolla" */;
			compatibilityVersion = "Xcode 9.3";
			developmentRegion = en;
			hasScannedForEncodings = 0;
			knownRegions = (
				en,
				Base,
			);
			mainGroup = 2793AEE72236EB5400A48F1B;
			productRefGroup = 2793AEF12236EB5500A48F1B /* Products */;
			projectDirPath = "";
			projectRoot = "";
			targets = (
				2793AEEF2236EB5500A48F1B /* Ristinolla */,
			);
		};
/* End PBXProject section */

/* Begin PBXResourcesBuildPhase section */
		2793AEEE2236EB5500A48F1B /* Resources */ = {
			isa = PBXResourcesBuildPhase;
			buildActionMask = 2147483647;
			files = (
				2793AEFE2236EB5500A48F1B /* LaunchScreen.storyboard in Resources */,
				2793AF0F2236F4E800A48F1B /* Default-568h@2x.png in Resources */,
				2793AEFB2236EB5500A48F1B /* Assets.xcassets in Resources */,
				2793AEF92236EB5500A48F1B /* Main.storyboard in Resources */,
			);
			runOnlyForDeploymentPostprocessing = 0;
		};
/* End PBXResourcesBuildPhase section */

/* Begin PBXSourcesBuildPhase section */
		2793AEEC2236EB5500A48F1B /* Sources */ = {
			isa = PBXSourcesBuildPhase;
			buildActionMask = 2147483647;
			files = (
				2793AF0B2236EC0E00A48F1B /* Ruutu.swift in Sources */,
				2793AEF62236EB5500A48F1B /* ViewController.swift in Sources */,
				2793AEF42236EB5500A48F1B /* AppDelegate.swift in Sources */,
				2793AF0D2236ECDA00A48F1B /* Peli.swift in Sources */,
			);
			runOnlyForDeploymentPostprocessing = 0;
		};
/* End PBXSourcesBuildPhase section */

/* Begin PBXVariantGroup section */
		2793AEF72236EB5500A48F1B /* Main.storyboard */ = {
			isa = PBXVariantGroup;
			children = (
				2793AEF82236EB5500A48F1B /* Base */,
			);
			name = Main.storyboard;
			sourceTree = "<group>";
		};
		2793AEFC2236EB5500A48F1B /* LaunchScreen.storyboard */ = {
			isa = PBXVariantGroup;
			children = (
				2793AEFD2236EB5500A48F1B /* Base */,
			);
			name = LaunchScreen.storyboard;
			sourceTree = "<group>";
		};
/* End PBXVariantGroup section */

/* Begin XCBuildConfiguration section */
		2793AF002236EB5500A48F1B /* Debug */ = {
			isa = XCBuildConfiguration;
			buildSettings = {
				ALWAYS_SEARCH_USER_PATHS = NO;
				CLANG_ANALYZER_NONNULL = YES;
				CLANG_ANALYZER_NUMBER_OBJECT_CONVERSION = YES_AGGRESSIVE;
				CLANG_CXX_LANGUAGE_STANDARD = "gnu++14";
				CLANG_CXX_LIBRARY = "libc++";
				CLANG_ENABLE_MODULES = YES;
				CLANG_ENABLE_OBJC_ARC = YES;
				CLANG_ENABLE_OBJC_WEAK = YES;
				CLANG_WARN_BLOCK_CAPTURE_AUTORELEASING = YES;
				CLANG_WARN_BOOL_CONVERSION = YES;
				CLANG_WARN_COMMA = YES;
				CLANG_WARN_CONSTANT_CONVERSION = YES;
				CLANG_WARN_DEPRECATED_OBJC_IMPLEMENTATIONS = YES;
				CLANG_WARN_DIRECT_OBJC_ISA_USAGE = YES_ERROR;
				CLANG_WARN_DOCUMENTATION_COMMENTS = YES;
				CLANG_WARN_EMPTY_BODY = YES;
				CLANG_WARN_ENUM_CONVERSION = YES;
				CLANG_WARN_INFINITE_RECURSION = YES;
				CLANG_WARN_INT_CONVERSION = YES;
				CLANG_WARN_NON_LITERAL_NULL_CONVERSION = YES;
				CLANG_WARN_OBJC_IMPLICIT_RETAIN_SELF = YES;
				CLANG_WARN_OBJC_LITERAL_CONVERSION = YES;
				CLANG_WARN_OBJC_ROOT_CLASS = YES_ERROR;
				CLANG_WARN_RANGE_LOOP_ANALYSIS = YES;
				CLANG_WARN_STRICT_PROTOTYPES = YES;
				CLANG_WARN_SUSPICIOUS_MOVE = YES;
				CLANG_WARN_UNGUARDED_AVAILABILITY = YES_AGGRESSIVE;
				CLANG_WARN_UNREACHABLE_CODE = YES;
				CLANG_WARN__DUPLICATE_METHOD_MATCH = YES;
				CODE_SIGN_IDENTITY = "iPhone Developer";
				COPY_PHASE_STRIP = NO;
				DEBUG_INFORMATION_FORMAT = dwarf;
				ENABLE_STRICT_OBJC_MSGSEND = YES;
				ENABLE_TESTABILITY = YES;
				GCC_C_LANGUAGE_STANDARD = gnu11;
				GCC_DYNAMIC_NO_PIC = NO;
				GCC_NO_COMMON_BLOCKS = YES;
				GCC_OPTIMIZATION_LEVEL = 0;
				GCC_PREPROCESSOR_DEFINITIONS = (
					"DEBUG=1",
					"$(inherited)",
				);
				GCC_WARN_64_TO_32_BIT_CONVERSION = YES;
				GCC_WARN_ABOUT_RETURN_TYPE = YES_ERROR;
				GCC_WARN_UNDECLARED_SELECTOR = YES;
				GCC_WARN_UNINITIALIZED_AUTOS = YES_AGGRESSIVE;
				GCC_WARN_UNUSED_FUNCTION = YES;
				GCC_WARN_UNUSED_VARIABLE = YES;
				IPHONEOS_DEPLOYMENT_TARGET = 12.1;
				MTL_ENABLE_DEBUG_INFO = INCLUDE_SOURCE;
				MTL_FAST_MATH = YES;
				ONLY_ACTIVE_ARCH = YES;
				SDKROOT = iphoneos;
				SWIFT_ACTIVE_COMPILATION_CONDITIONS = DEBUG;
				SWIFT_OPTIMIZATION_LEVEL = "-Onone";
			};
			name = Debug;
		};
		2793AF012236EB5500A48F1B /* Release */ = {
			isa = XCBuildConfiguration;
			buildSettings = {
				ALWAYS_SEARCH_USER_PATHS = NO;
				CLANG_ANALYZER_NONNULL = YES;
				CLANG_ANALYZER_NUMBER_OBJECT_CONVERSION = YES_AGGRESSIVE;
				CLANG_CXX_LANGUAGE_STANDARD = "gnu++14";
				CLANG_CXX_LIBRARY = "libc++";
				CLANG_ENABLE_MODULES = YES;
				CLANG_ENABLE_OBJC_ARC = YES;
				CLANG_ENABLE_OBJC_WEAK = YES;
				CLANG_WARN_BLOCK_CAPTURE_AUTORELEASING = YES;
				CLANG_WARN_BOOL_CONVERSION = YES;
				CLANG_WARN_COMMA = YES;
				CLANG_WARN_CONSTANT_CONVERSION = YES;
				CLANG_WARN_DEPRECATED_OBJC_IMPLEMENTATIONS = YES;
				CLANG_WARN_DIRECT_OBJC_ISA_USAGE = YES_ERROR;
				CLANG_WARN_DOCUMENTATION_COMMENTS = YES;
				CLANG_WARN_EMPTY_BODY = YES;
				CLANG_WARN_ENUM_CONVERSION = YES;
				CLANG_WARN_INFINITE_RECURSION = YES;
				CLANG_WARN_INT_CONVERSION = YES;
				CLANG_WARN_NON_LITERAL_NULL_CONVERSION = YES;
				CLANG_WARN_OBJC_IMPLICIT_RETAIN_SELF = YES;
				CLANG_WARN_OBJC_LITERAL_CONVERSION = YES;
				CLANG_WARN_OBJC_ROOT_CLASS = YES_ERROR;
				CLANG_WARN_RANGE_LOOP_ANALYSIS = YES;
				CLANG_WARN_STRICT_PROTOTYPES = YES;
				CLANG_WARN_SUSPICIOUS_MOVE = YES;
				CLANG_WARN_UNGUARDED_AVAILABILITY = YES_AGGRESSIVE;
				CLANG_WARN_UNREACHABLE_CODE = YES;
				CLANG_WARN__DUPLICATE_METHOD_MATCH = YES;
				CODE_SIGN_IDENTITY = "iPhone Developer";
				COPY_PHASE_STRIP = NO;
				DEBUG_INFORMATION_FORMAT = "dwarf-with-dsym";
				ENABLE_NS_ASSERTIONS = NO;
				ENABLE_STRICT_OBJC_MSGSEND = YES;
				GCC_C_LANGUAGE_STANDARD = gnu11;
				GCC_NO_COMMON_BLOCKS = YES;
				GCC_WARN_64_TO_32_BIT_CONVERSION = YES;
				GCC_WARN_ABOUT_RETURN_TYPE = YES_ERROR;
				GCC_WARN_UNDECLARED_SELECTOR = YES;
				GCC_WARN_UNINITIALIZED_AUTOS = YES_AGGRESSIVE;
				GCC_WARN_UNUSED_FUNCTION = YES;
				GCC_WARN_UNUSED_VARIABLE = YES;
				IPHONEOS_DEPLOYMENT_TARGET = 12.1;
				MTL_ENABLE_DEBUG_INFO = NO;
				MTL_FAST_MATH = YES;
				SDKROOT = iphoneos;
				SWIFT_COMPILATION_MODE = wholemodule;
				SWIFT_OPTIMIZATION_LEVEL = "-O";
				VALIDATE_PRODUCT = YES;
			};
			name = Release;
		};
		2793AF032236EB5500A48F1B /* Debug */ = {
			isa = XCBuildConfiguration;
			buildSettings = {
				ASSETCATALOG_COMPILER_APPICON_NAME = AppIcon;
				CODE_SIGN_STYLE = Automatic;
				DEVELOPMENT_TEAM = T8N9VA7K46;
				INFOPLIST_FILE = Ristinolla/Info.plist;
				LD_RUNPATH_SEARCH_PATHS = (
					"$(inherited)",
					"@executable_path/Frameworks",
				);
				PRODUCT_BUNDLE_IDENTIFIER = com.joonasjunttila.Ristinolla;
				PRODUCT_NAME = "$(TARGET_NAME)";
				SWIFT_VERSION = 4.2;
				TARGETED_DEVICE_FAMILY = "1,2";
			};
			name = Debug;
		};
		2793AF042236EB5500A48F1B /* Release */ = {
			isa = XCBuildConfiguration;
			buildSettings = {
				ASSETCATALOG_COMPILER_APPICON_NAME = AppIcon;
				CODE_SIGN_STYLE = Automatic;
				DEVELOPMENT_TEAM = T8N9VA7K46;
				INFOPLIST_FILE = Ristinolla/Info.plist;
				LD_RUNPATH_SEARCH_PATHS = (
					"$(inherited)",
					"@executable_path/Frameworks",
				);
				PRODUCT_BUNDLE_IDENTIFIER = com.joonasjunttila.Ristinolla;
				PRODUCT_NAME = "$(TARGET_NAME)";
				SWIFT_VERSION = 4.2;
				TARGETED_DEVICE_FAMILY = "1,2";
			};
			name = Release;
		};
/* End XCBuildConfiguration section */

/* Begin XCConfigurationList section */
		2793AEEB2236EB5400A48F1B /* Build configuration list for PBXProject "Ristinolla" */ = {
			isa = XCConfigurationList;
			buildConfigurations = (
				2793AF002236EB5500A48F1B /* Debug */,
				2793AF012236EB5500A48F1B /* Release */,
			);
			defaultConfigurationIsVisible = 0;
			defaultConfigurationName = Release;
		};
		2793AF022236EB5500A48F1B /* Build configuration list for PBXNativeTarget "Ristinolla" */ = {
			isa = XCConfigurationList;
			buildConfigurations = (
				2793AF032236EB5500A48F1B /* Debug */,
				2793AF042236EB5500A48F1B /* Release */,
			);
			defaultConfigurationIsVisible = 0;
			defaultConfigurationName = Release;
		};
/* End XCConfigurationList section */
	};
	rootObject = 2793AEE82236EB5400A48F1B /* Project object */;
}
